# THIS IS AN AUTOGENERATED FILE. DO NOT EDIT THIS FILE DIRECTLY.
# yarn lockfile v1


"@mtgoo/ctool@^0.0.2":
  version "0.0.2"
  resolved "https://registry.npmjs.org/@mtgoo/ctool/-/ctool-0.0.2.tgz#f78ca40b25150f1480235725a9252f5f422c2a8e"
  integrity sha512-4XOLCrCoHrRGLp2n/ZPSwgcpyc9wE0FVCtxRWVZDgNjwwoIHjY6JaZj/NmC/3bdyTHbsuL57PIlkJpryJooVCw==

typescript@^4.0.3:
  version "4.0.3"
  resolved "https://registry.npmjs.org/typescript/-/typescript-4.0.3.tgz#153bbd468ef07725c1df9c77e8b453f8d36abba5"
  integrity sha512-tEu6DGxGgRJPb/mVPIZ48e69xCn2yRmCgYmDugAVwmJ6o+0u1RI18eO7E7WBTLYLaEVVOhwQmcdhQHweux/WPg==
